
Microsoft Visual Studio Solution File, Format Version 12.00
# Visual Studio Version 17
VisualStudioVersion = 17.14.36518.9 d17.14
MinimumVisualStudioVersion = 10.0.40219.1
Project("{FAE04EC0-301F-11D3-BF4B-00C04F79EFBC}") = "Homework22.11.Task1", "Homework22.11.Task1\Homework22.11.Task1.csproj", "{013FFD46-2559-46C5-8DF6-A42D673DCF13}"
EndProject
Global
	GlobalSection(SolutionConfigurationPlatforms) = preSolution
		Debug|Any CPU = Debug|Any CPU
		Release|Any CPU = Release|Any CPU
	EndGlobalSection
	GlobalSection(ProjectConfigurationPlatforms) = postSolution
		{013FFD46-2559-46C5-8DF6-A42D673DCF13}.Debug|Any CPU.ActiveCfg = Debug|Any CPU
		{013FFD46-2559-46C5-8DF6-A42D673DCF13}.Debug|Any CPU.Build.0 = Debug|Any CPU
		{013FFD46-2559-46C5-8DF6-A42D673DCF13}.Release|Any CPU.ActiveCfg = Release|Any CPU
		{013FFD46-2559-46C5-8DF6-A42D673DCF13}.Release|Any CPU.Build.0 = Release|Any CPU
	EndGlobalSection
	GlobalSection(SolutionProperties) = preSolution
		HideSolutionNode = FALSE
	EndGlobalSection
	GlobalSection(ExtensibilityGlobals) = postSolution
		SolutionGuid = {E0FE386F-A2E5-4B3E-9568-79AED5573ABB}
	EndGlobalSection
EndGlobal
